// !$*UTF8*$!
{
	archiveVersion = 1;
	classes = {
	};
	objectVersion = 50;
	objects = {

/* Begin PBXBuildFile section */
		413C2E6026EC4B5200D298A9 /* AppDelegate.m in Sources */ = {isa = PBXBuildFile; fileRef = 413C2E5F26EC4B5200D298A9 /* AppDelegate.m */; };
		413C2E6326EC4B5200D298A9 /* SceneDelegate.m in Sources */ = {isa = PBXBuildFile; fileRef = 413C2E6226EC4B5200D298A9 /* SceneDelegate.m */; };
		413C2E6626EC4B5200D298A9 /* ViewController.m in Sources */ = {isa = PBXBuildFile; fileRef = 413C2E6526EC4B5200D298A9 /* ViewController.m */; };
		413C2E6926EC4B5200D298A9 /* Main.storyboard in Resources */ = {isa = PBXBuildFile; fileRef = 413C2E6726EC4B5200D298A9 /* Main.storyboard */; };
		413C2E6B26EC4B5400D298A9 /* Assets.xcassets in Resources */ = {isa = PBXBuildFile; fileRef = 413C2E6A26EC4B5400D298A9 /* Assets.xcassets */; };
		413C2E6E26EC4B5400D298A9 /* LaunchScreen.storyboard in Resources */ = {isa = PBXBuildFile; fileRef = 413C2E6C26EC4B5400D298A9 /* LaunchScreen.storyboard */; };
		413C2E7126EC4B5400D298A9 /* main.m in Sources */ = {isa = PBXBuildFile; fileRef = 413C2E7026EC4B5400D298A9 /* main.m */; };
		4214A60127BF3A0800E83D31 /* 1.png in Resources */ = {isa = PBXBuildFile; fileRef = 4214A60027BF3A0800E83D31 /* 1.png */; };
		8636B3E7B7A459EC40315D54 /* libPods-Video2.a in Frameworks */ = {isa = PBXBuildFile; fileRef = 4BF6788A7AE697F90224328A /* libPods-Video2.a */; };
/* End PBXBuildFile section */

/* Begin PBXFileReference section */
		38EBCCDF71920DAAACC6E449 /* Pods-Video2.debug.xcconfig */ = {isa = PBXFileReference; includeInIndex = 1; lastKnownFileType = text.xcconfig; name = "Pods-Video2.debug.xcconfig"; path = "Target Support Files/Pods-Video2/Pods-Video2.debug.xcconfig"; sourceTree = "<group>"; };
		413C2E5B26EC4B5200D298A9 /* Video2.app */ = {isa = PBXFileReference; explicitFileType = wrapper.application; includeInIndex = 0; path = Video2.app; sourceTree = BUILT_PRODUCTS_DIR; };
		413C2E5E26EC4B5200D298A9 /* AppDelegate.h */ = {isa = PBXFileReference; lastKnownFileType = sourcecode.c.h; path = AppDelegate.h; sourceTree = "<group>"; };
		413C2E5F26EC4B5200D298A9 /* AppDelegate.m */ = {isa = PBXFileReference; lastKnownFileType = sourcecode.c.objc; path = AppDelegate.m; sourceTree = "<group>"; };
		413C2E6126EC4B5200D298A9 /* SceneDelegate.h */ = {isa = PBXFileReference; lastKnownFileType = sourcecode.c.h; path = SceneDelegate.h; sourceTree = "<group>"; };
		413C2E6226EC4B5200D298A9 /* SceneDelegate.m */ = {isa = PBXFileReference; lastKnownFileType = sourcecode.c.objc; path = SceneDelegate.m; sourceTree = "<group>"; };
		413C2E6426EC4B5200D298A9 /* ViewController.h */ = {isa = PBXFileReference; lastKnownFileType = sourcecode.c.h; path = ViewController.h; sourceTree = "<group>"; };
		413C2E6526EC4B5200D298A9 /* ViewController.m */ = {isa = PBXFileReference; lastKnownFileType = sourcecode.c.objc; path = ViewController.m; sourceTree = "<group>"; };
		413C2E6826EC4B5200D298A9 /* Base */ = {isa = PBXFileReference; lastKnownFileType = file.storyboard; name = Base; path = Base.lproj/Main.storyboard; sourceTree = "<group>"; };
		413C2E6A26EC4B5400D298A9 /* Assets.xcassets */ = {isa = PBXFileReference; lastKnownFileType = folder.assetcatalog; path = Assets.xcassets; sourceTree = "<group>"; };
		413C2E6D26EC4B5400D298A9 /* Base */ = {isa = PBXFileReference; lastKnownFileType = file.storyboard; name = Base; path = Base.lproj/LaunchScreen.storyboard; sourceTree = "<group>"; };
		413C2E6F26EC4B5400D298A9 /* Info.plist */ = {isa = PBXFileReference; lastKnownFileType = text.plist.xml; path = Info.plist; sourceTree = "<group>"; };
		413C2E7026EC4B5400D298A9 /* main.m */ = {isa = PBXFileReference; lastKnownFileType = sourcecode.c.objc; path = main.m; sourceTree = "<group>"; };
		4214A60027BF3A0800E83D31 /* 1.png */ = {isa = PBXFileReference; lastKnownFileType = image.png; path = 1.png; sourceTree = "<group>"; };
		4BF6788A7AE697F90224328A /* libPods-Video2.a */ = {isa = PBXFileReference; explicitFileType = archive.ar; includeInIndex = 0; path = "libPods-Video2.a"; sourceTree = BUILT_PRODUCTS_DIR; };
		D06A226F1361E891A882E950 /* Pods-Video2.release.xcconfig */ = {isa = PBXFileReference; includeInIndex = 1; lastKnownFileType = text.xcconfig; name = "Pods-Video2.release.xcconfig"; path = "Target Support Files/Pods-Video2/Pods-Video2.release.xcconfig"; sourceTree = "<group>"; };
/* End PBXFileReference section */

/* Begin PBXFrameworksBuildPhase section */
		413C2E5826EC4B5200D298A9 /* Frameworks */ = {
			isa = PBXFrameworksBuildPhase;
			buildActionMask = 2147483647;
			files = (
				8636B3E7B7A459EC40315D54 /* libPods-Video2.a in Frameworks */,
			);
			runOnlyForDeploymentPostprocessing = 0;
		};
/* End PBXFrameworksBuildPhase section */

/* Begin PBXGroup section */
		413C2E5226EC4B5200D298A9 = {
			isa = PBXGroup;
			children = (
				413C2E5D26EC4B5200D298A9 /* Video2 */,
				413C2E5C26EC4B5200D298A9 /* Products */,
				6FCDEF07FC72BF33D21232DB /* Pods */,
				D76851C26B4BFC9AFC7B8EA4 /* Frameworks */,
			);
			sourceTree = "<group>";
		};
		413C2E5C26EC4B5200D298A9 /* Products */ = {
			isa = PBXGroup;
			children = (
				413C2E5B26EC4B5200D298A9 /* Video2.app */,
			);
			name = Products;
			sourceTree = "<group>";
		};
		413C2E5D26EC4B5200D298A9 /* Video2 */ = {
			isa = PBXGroup;
			children = (
				4214A5FF27BF39F000E83D31 /* Picture */,
				413C2E5E26EC4B5200D298A9 /* AppDelegate.h */,
				413C2E5F26EC4B5200D298A9 /* AppDelegate.m */,
				413C2E6126EC4B5200D298A9 /* SceneDelegate.h */,
				413C2E6226EC4B5200D298A9 /* SceneDelegate.m */,
				413C2E6426EC4B5200D298A9 /* ViewController.h */,
				413C2E6526EC4B5200D298A9 /* ViewController.m */,
				413C2E6726EC4B5200D298A9 /* Main.storyboard */,
				413C2E6A26EC4B5400D298A9 /* Assets.xcassets */,
				413C2E6C26EC4B5400D298A9 /* LaunchScreen.storyboard */,
				413C2E6F26EC4B5400D298A9 /* Info.plist */,
				413C2E7026EC4B5400D298A9 /* main.m */,
			);
			path = Video2;
			sourceTree = "<group>";
		};
		4214A5FF27BF39F000E83D31 /* Picture */ = {
			isa = PBXGroup;
			children = (
				4214A60027BF3A0800E83D31 /* 1.png */,
			);
			path = Picture;
			sourceTree = "<group>";
		};
		6FCDEF07FC72BF33D21232DB /* Pods */ = {
			isa = PBXGroup;
			children = (
				38EBCCDF71920DAAACC6E449 /* Pods-Video2.debug.xcconfig */,
				D06A226F1361E891A882E950 /* Pods-Video2.release.xcconfig */,
			);
			path = Pods;
			sourceTree = "<group>";
		};
		D76851C26B4BFC9AFC7B8EA4 /* Frameworks */ = {
			isa = PBXGroup;
			children = (
				4BF6788A7AE697F90224328A /* libPods-Video2.a */,
			);
			name = Frameworks;
			sourceTree = "<group>";
		};
/* End PBXGroup section */

/* Begin PBXNativeTarget section */
		413C2E5A26EC4B5200D298A9 /* Video2 */ = {
			isa = PBXNativeTarget;
			buildConfigurationList = 413C2E7426EC4B5400D298A9 /* Build configuration list for PBXNativeTarget "Video2" */;
			buildPhases = (
				7B14D0C4E5910896E98F5FCB /* [CP] Check Pods Manifest.lock */,
				413C2E5726EC4B5200D298A9 /* Sources */,
				413C2E5826EC4B5200D298A9 /* Frameworks */,
				413C2E5926EC4B5200D298A9 /* Resources */,
			);
			buildRules = (
			);
			dependencies = (
			);
			name = Video2;
			productName = Video2;
			productReference = 413C2E5B26EC4B5200D298A9 /* Video2.app */;
			productType = "com.apple.product-type.application";
		};
/* End PBXNativeTarget section */

/* Begin PBXProject section */
		413C2E5326EC4B5200D298A9 /* Project object */ = {
			isa = PBXProject;
			attributes = {
				LastUpgradeCheck = 1250;
				TargetAttributes = {
					413C2E5A26EC4B5200D298A9 = {
						CreatedOnToolsVersion = 12.5.1;
					};
				};
			};
			buildConfigurationList = 413C2E5626EC4B5200D298A9 /* Build configuration list for PBXProject "Video2" */;
			compatibilityVersion = "Xcode 9.3";
			developmentRegion = en;
			hasScannedForEncodings = 0;
			knownRegions = (
				en,
				Base,
			);
			mainGroup = 413C2E5226EC4B5200D298A9;
			productRefGroup = 413C2E5C26EC4B5200D298A9 /* Products */;
			projectDirPath = "";
			projectRoot = "";
			targets = (
				413C2E5A26EC4B5200D298A9 /* Video2 */,
			);
		};
/* End PBXProject section */

/* Begin PBXResourcesBuildPhase section */
		413C2E5926EC4B5200D298A9 /* Resources */ = {
			isa = PBXResourcesBuildPhase;
			buildActionMask = 2147483647;
			files = (
				413C2E6E26EC4B5400D298A9 /* LaunchScreen.storyboard in Resources */,
				4214A60127BF3A0800E83D31 /* 1.png in Resources */,
				413C2E6B26EC4B5400D298A9 /* Assets.xcassets in Resources */,
				413C2E6926EC4B5200D298A9 /* Main.storyboard in Resources */,
			);
			runOnlyForDeploymentPostprocessing = 0;
		};
/* End PBXResourcesBuildPhase section */

/* Begin PBXShellScriptBuildPhase section */
		7B14D0C4E5910896E98F5FCB /* [CP] Check Pods Manifest.lock */ = {
			isa = PBXShellScriptBuildPhase;
			buildActionMask = 2147483647;
			files = (
			);
			inputFileListPaths = (
			);
			inputPaths = (
				"${PODS_PODFILE_DIR_PATH}/Podfile.lock",
				"${PODS_ROOT}/Manifest.lock",
			);
			name = "[CP] Check Pods Manifest.lock";
			outputFileListPaths = (
			);
			outputPaths = (
				"$(DERIVED_FILE_DIR)/Pods-Video2-checkManifestLockResult.txt",
			);
			runOnlyForDeploymentPostprocessing = 0;
			shellPath = /bin/sh;
			shellScript = "diff \"${PODS_PODFILE_DIR_PATH}/Podfile.lock\" \"${PODS_ROOT}/Manifest.lock\" > /dev/null\nif [ $? != 0 ] ; then\n    # print error to STDERR\n    echo \"error: The sandbox is not in sync with the Podfile.lock. Run 'pod install' or update your CocoaPods installation.\" >&2\n    exit 1\nfi\n# This output is used by Xcode 'outputs' to avoid re-running this script phase.\necho \"SUCCESS\" > \"${SCRIPT_OUTPUT_FILE_0}\"\n";
			showEnvVarsInLog = 0;
		};
/* End PBXShellScriptBuildPhase section */

/* Begin PBXSourcesBuildPhase section */
		413C2E5726EC4B5200D298A9 /* Sources */ = {
			isa = PBXSourcesBuildPhase;
			buildActionMask = 2147483647;
			files = (
				413C2E6626EC4B5200D298A9 /* ViewController.m in Sources */,
				413C2E6026EC4B5200D298A9 /* AppDelegate.m in Sources */,
				413C2E7126EC4B5400D298A9 /* main.m in Sources */,
				413C2E6326EC4B5200D298A9 /* SceneDelegate.m in Sources */,
			);
			runOnlyForDeploymentPostprocessing = 0;
		};
/* End PBXSourcesBuildPhase section */

/* Begin PBXVariantGroup section */
		413C2E6726EC4B5200D298A9 /* Main.storyboard */ = {
			isa = PBXVariantGroup;
			children = (
				413C2E6826EC4B5200D298A9 /* Base */,
			);
			name = Main.storyboard;
			sourceTree = "<group>";
		};
		413C2E6C26EC4B5400D298A9 /* LaunchScreen.storyboard */ = {
			isa = PBXVariantGroup;
			children = (
				413C2E6D26EC4B5400D298A9 /* Base */,
			);
			name = LaunchScreen.storyboard;
			sourceTree = "<group>";
		};
/* End PBXVariantGroup section */

/* Begin XCBuildConfiguration section */
		413C2E7226EC4B5400D298A9 /* Debug */ = {
			isa = XCBuildConfiguration;
			buildSettings = {
				ALWAYS_SEARCH_USER_PATHS = NO;
				CLANG_ANALYZER_NONNULL = YES;
				CLANG_ANALYZER_NUMBER_OBJECT_CONVERSION = YES_AGGRESSIVE;
				CLANG_CXX_LANGUAGE_STANDARD = "gnu++14";
				CLANG_CXX_LIBRARY = "libc++";
				CLANG_ENABLE_MODULES = YES;
				CLANG_ENABLE_OBJC_ARC = YES;
				CLANG_ENABLE_OBJC_WEAK = YES;
				CLANG_WARN_BLOCK_CAPTURE_AUTORELEASING = YES;
				CLANG_WARN_BOOL_CONVERSION = YES;
				CLANG_WARN_COMMA = YES;
				CLANG_WARN_CONSTANT_CONVERSION = YES;
				CLANG_WARN_DEPRECATED_OBJC_IMPLEMENTATIONS = YES;
				CLANG_WARN_DIRECT_OBJC_ISA_USAGE = YES_ERROR;
				CLANG_WARN_DOCUMENTATION_COMMENTS = YES;
				CLANG_WARN_EMPTY_BODY = YES;
				CLANG_WARN_ENUM_CONVERSION = YES;
				CLANG_WARN_INFINITE_RECURSION = YES;
				CLANG_WARN_INT_CONVERSION = YES;
				CLANG_WARN_NON_LITERAL_NULL_CONVERSION = YES;
				CLANG_WARN_OBJC_IMPLICIT_RETAIN_SELF = YES;
				CLANG_WARN_OBJC_LITERAL_CONVERSION = YES;
				CLANG_WARN_OBJC_ROOT_CLASS = YES_ERROR;
				CLANG_WARN_QUOTED_INCLUDE_IN_FRAMEWORK_HEADER = YES;
				CLANG_WARN_RANGE_LOOP_ANALYSIS = YES;
				CLANG_WARN_STRICT_PROTOTYPES = YES;
				CLANG_WARN_SUSPICIOUS_MOVE = YES;
				CLANG_WARN_UNGUARDED_AVAILABILITY = YES_AGGRESSIVE;
				CLANG_WARN_UNREACHABLE_CODE = YES;
				CLANG_WARN__DUPLICATE_METHOD_MATCH = YES;
				COPY_PHASE_STRIP = NO;
				DEBUG_INFORMATION_FORMAT = dwarf;
				ENABLE_STRICT_OBJC_MSGSEND = YES;
				ENABLE_TESTABILITY = YES;
				GCC_C_LANGUAGE_STANDARD = gnu11;
				GCC_DYNAMIC_NO_PIC = NO;
				GCC_NO_COMMON_BLOCKS = YES;
				GCC_OPTIMIZATION_LEVEL = 0;
				GCC_PREPROCESSOR_DEFINITIONS = (
					"DEBUG=1",
					"$(inherited)",
				);
				GCC_WARN_64_TO_32_BIT_CONVERSION = YES;
				GCC_WARN_ABOUT_RETURN_TYPE = YES_ERROR;
				GCC_WARN_UNDECLARED_SELECTOR = YES;
				GCC_WARN_UNINITIALIZED_AUTOS = YES_AGGRESSIVE;
				GCC_WARN_UNUSED_FUNCTION = YES;
				GCC_WARN_UNUSED_VARIABLE = YES;
				IPHONEOS_DEPLOYMENT_TARGET = 14.5;
				MTL_ENABLE_DEBUG_INFO = INCLUDE_SOURCE;
				MTL_FAST_MATH = YES;
				ONLY_ACTIVE_ARCH = YES;
				SDKROOT = iphoneos;
			};
			name = Debug;
		};
		413C2E7326EC4B5400D298A9 /* Release */ = {
			isa = XCBuildConfiguration;
			buildSettings = {
				ALWAYS_SEARCH_USER_PATHS = NO;
				CLANG_ANALYZER_NONNULL = YES;
				CLANG_ANALYZER_NUMBER_OBJECT_CONVERSION = YES_AGGRESSIVE;
				CLANG_CXX_LANGUAGE_STANDARD = "gnu++14";
				CLANG_CXX_LIBRARY = "libc++";
				CLANG_ENABLE_MODULES = YES;
				CLANG_ENABLE_OBJC_ARC = YES;
				CLANG_ENABLE_OBJC_WEAK = YES;
				CLANG_WARN_BLOCK_CAPTURE_AUTORELEASING = YES;
				CLANG_WARN_BOOL_CONVERSION = YES;
				CLANG_WARN_COMMA = YES;
				CLANG_WARN_CONSTANT_CONVERSION = YES;
				CLANG_WARN_DEPRECATED_OBJC_IMPLEMENTATIONS = YES;
				CLANG_WARN_DIRECT_OBJC_ISA_USAGE = YES_ERROR;
				CLANG_WARN_DOCUMENTATION_COMMENTS = YES;
				CLANG_WARN_EMPTY_BODY = YES;
				CLANG_WARN_ENUM_CONVERSION = YES;
				CLANG_WARN_INFINITE_RECURSION = YES;
				CLANG_WARN_INT_CONVERSION = YES;
				CLANG_WARN_NON_LITERAL_NULL_CONVERSION = YES;
				CLANG_WARN_OBJC_IMPLICIT_RETAIN_SELF = YES;
				CLANG_WARN_OBJC_LITERAL_CONVERSION = YES;
				CLANG_WARN_OBJC_ROOT_CLASS = YES_ERROR;
				CLANG_WARN_QUOTED_INCLUDE_IN_FRAMEWORK_HEADER = YES;
				CLANG_WARN_RANGE_LOOP_ANALYSIS = YES;
				CLANG_WARN_STRICT_PROTOTYPES = YES;
				CLANG_WARN_SUSPICIOUS_MOVE = YES;
				CLANG_WARN_UNGUARDED_AVAILABILITY = YES_AGGRESSIVE;
				CLANG_WARN_UNREACHABLE_CODE = YES;
				CLANG_WARN__DUPLICATE_METHOD_MATCH = YES;
				COPY_PHASE_STRIP = NO;
				DEBUG_INFORMATION_FORMAT = "dwarf-with-dsym";
				ENABLE_NS_ASSERTIONS = NO;
				ENABLE_STRICT_OBJC_MSGSEND = YES;
				GCC_C_LANGUAGE_STANDARD = gnu11;
				GCC_NO_COMMON_BLOCKS = YES;
				GCC_WARN_64_TO_32_BIT_CONVERSION = YES;
				GCC_WARN_ABOUT_RETURN_TYPE = YES_ERROR;
				GCC_WARN_UNDECLARED_SELECTOR = YES;
				GCC_WARN_UNINITIALIZED_AUTOS = YES_AGGRESSIVE;
				GCC_WARN_UNUSED_FUNCTION = YES;
				GCC_WARN_UNUSED_VARIABLE = YES;
				IPHONEOS_DEPLOYMENT_TARGET = 14.5;
				MTL_ENABLE_DEBUG_INFO = NO;
				MTL_FAST_MATH = YES;
				SDKROOT = iphoneos;
				VALIDATE_PRODUCT = YES;
			};
			name = Release;
		};
		413C2E7526EC4B5400D298A9 /* Debug */ = {
			isa = XCBuildConfiguration;
			baseConfigurationReference = 38EBCCDF71920DAAACC6E449 /* Pods-Video2.debug.xcconfig */;
			buildSettings = {
				ASSETCATALOG_COMPILER_APPICON_NAME = AppIcon;
				ASSETCATALOG_COMPILER_GLOBAL_ACCENT_COLOR_NAME = AccentColor;
				CODE_SIGN_STYLE = Automatic;
				DEVELOPMENT_TEAM = U84859CD7Y;
				INFOPLIST_FILE = Video2/Info.plist;
				LD_RUNPATH_SEARCH_PATHS = (
					"$(inherited)",
					"@executable_path/Frameworks",
				);
				PRODUCT_BUNDLE_IDENTIFIER = com.zzqtkj.Video2;
				PRODUCT_NAME = "$(TARGET_NAME)";
				TARGETED_DEVICE_FAMILY = "1,2";
			};
			name = Debug;
		};
		413C2E7626EC4B5400D298A9 /* Release */ = {
			isa = XCBuildConfiguration;
			baseConfigurationReference = D06A226F1361E891A882E950 /* Pods-Video2.release.xcconfig */;
			buildSettings = {
				ASSETCATALOG_COMPILER_APPICON_NAME = AppIcon;
				ASSETCATALOG_COMPILER_GLOBAL_ACCENT_COLOR_NAME = AccentColor;
				CODE_SIGN_STYLE = Automatic;
				DEVELOPMENT_TEAM = U84859CD7Y;
				INFOPLIST_FILE = Video2/Info.plist;
				LD_RUNPATH_SEARCH_PATHS = (
					"$(inherited)",
					"@executable_path/Frameworks",
				);
				PRODUCT_BUNDLE_IDENTIFIER = com.zzqtkj.Video2;
				PRODUCT_NAME = "$(TARGET_NAME)";
				TARGETED_DEVICE_FAMILY = "1,2";
			};
			name = Release;
		};
/* End XCBuildConfiguration section */

/* Begin XCConfigurationList section */
		413C2E5626EC4B5200D298A9 /* Build configuration list for PBXProject "Video2" */ = {
			isa = XCConfigurationList;
			buildConfigurations = (
				413C2E7226EC4B5400D298A9 /* Debug */,
				413C2E7326EC4B5400D298A9 /* Release */,
			);
			defaultConfigurationIsVisible = 0;
			defaultConfigurationName = Release;
		};
		413C2E7426EC4B5400D298A9 /* Build configuration list for PBXNativeTarget "Video2" */ = {
			isa = XCConfigurationList;
			buildConfigurations = (
				413C2E7526EC4B5400D298A9 /* Debug */,
				413C2E7626EC4B5400D298A9 /* Release */,
			);
			defaultConfigurationIsVisible = 0;
			defaultConfigurationName = Release;
		};
/* End XCConfigurationList section */
	};
	rootObject = 413C2E5326EC4B5200D298A9 /* Project object */;
}
